PODS:
  - Charts (4.1.0):
    - Charts/Core (= 4.1.0)
  - Charts/Core (4.1.0):
    - SwiftAlgorithms (~> 1.0)
  - iOSDFULibrary (4.13.0):
    - ZIPFoundation (= 0.9.11)
  - IOSThingyLibrary (1.5.4):
    - iOSDFULibrary (~> 4.13.0)
  - KeychainSwift (20.0.0)
  - SDCAlertView (10.0)
  - SwiftAlgorithms (1.0.0)
  - SWRevealViewController (2.3.0)
  - ZIPFoundation (0.9.11)

DEPENDENCIES:
  - Charts (~> 4)
  - IOSThingyLibrary (from `../`)
  - KeychainSwift (~> 20.0)
  - SDCAlertView (~> 10.0)
  - SWRevealViewController (~> 2)

SPEC REPOS:
  trunk:
    - Charts
    - iOSDFULibrary
    - KeychainSwift
    - SDCAlertView
    - SwiftAlgorithms
    - SWRevealViewController
    - ZIPFoundation

EXTERNAL SOURCES:
  IOSThingyLibrary:
    :path: "../"

SPEC CHECKSUMS:
  Charts: ce0768268078eee0336f122c3c4ca248e4e204c5
  iOSDFULibrary: ae1bcb1cb921e6e3ff551755f6fdff1b77e07e15
  IOSThingyLibrary: 0e0f8f2702422ab4de9c06ecc943abd2b734d0ab
  KeychainSwift: 0ce6a4d13f7228054d1a71bb1b500448fb2ab837
  SDCAlertView: 5fbc48cae6d7bf9781097e3f27883924ef3b922c
  SwiftAlgorithms: 38dda4731d19027fdeee1125f973111bf3386b53
  SWRevealViewController: 6d3fd97f70112fd7cef9de14df4260eacce4c63a
  ZIPFoundation: b1f0de4eed33e74a676f76e12559ab6b75990197

PODFILE CHECKSUM: 58b94e01dfb3758721504dae43b9d1092e05ad5d

COCOAPODS: 1.16.2
